{
  "name": "srne_data_collector_service",
  "version": "1.0.0",
  "lockfileVersion": 1,
  "requires": true,
  "dependencies": {
    "dotenv": {
      "version": "16.0.3",
      "resolved": "https://registry.npmjs.org/dotenv/-/dotenv-16.0.3.tgz",
      "integrity": "sha512-7GO6HghkA5fYG9TYnNxi14/7K9f5occMlp3zXAuSxn7CKCxt9xbNWG7yF8hTCSUchlfWSe3uLmlPfigevRItzQ=="
    },
    "influx": {
      "version": "5.9.3",
      "resolved": "https://registry.npmjs.org/influx/-/influx-5.9.3.tgz",
      "integrity": "sha512-QQU9CgwnaEV6zMrK8+vhVItsdoKFqDioXJrjJhRQaff9utvT3N0jcrQJT9qnxFLktqgJ5ngbDY68Zh4eo4uD/w=="
    }
  }
}
